lockfileVersion: '6.0'

settings:
  autoInstallPeers: true
  excludeLinksFromLockfile: false

devDependencies:
  '@playwright/test':
    specifier: ^1.54.2
    version: 1.55.0
  '@storagehub/wasm':
    specifier: file:../core/wasm/pkg
    version: file:../core/wasm/pkg
  '@tenkeylabs/dappwright':
    specifier: ^2.11.2
    version: 2.11.2(playwright-core@1.55.0)
  playwright:
    specifier: ^1.54.2
    version: 1.55.0

packages:

  /@playwright/test@1.55.0:
    resolution: {integrity: sha512-04IXzPwHrW69XusN/SIdDdKZBzMfOT9UNT/YiJit/xpy2VuAoB8NHc8Aplb96zsWDddLnbkPL3TsmrS04ZU2xQ==}
    engines: {node: '>=18'}
    hasBin: true
    dependencies:
      playwright: 1.55.0
    dev: true

  /@tenkeylabs/dappwright@2.11.2(playwright-core@1.55.0):
    resolution: {integrity: sha512-ITIY1yKqSMoupuu3kKvUMdXOWUg4+T5O5NZLQKIuAf84zk7oxoIjIAgV2Go5QGynQTpSZhKK7o7YmE93PKPWtQ==}
    engines: {node: '>=20'}
    peerDependencies:
      playwright-core: '>1.0'
    dependencies:
      node-stream-zip: 1.15.0
      playwright-core: 1.55.0
    dev: true

  /fsevents@2.3.2:
    resolution: {integrity: sha512-xiqMQR4xAeHTuB9uWm+fFRcIOgKBMiOBP+eXiyT7jsgVCq1bkVygt00oASowB7EdtpOHaaPgKt812P9ab+DDKA==}
    engines: {node: ^8.16.0 || ^10.6.0 || >=11.0.0}
    os: [darwin]
    requiresBuild: true
    dev: true
    optional: true

  /node-stream-zip@1.15.0:
    resolution: {integrity: sha512-LN4fydt9TqhZhThkZIVQnF9cwjU3qmUH9h78Mx/K7d3VvfRqqwthLwJEUOEL0QPZ0XQmNN7be5Ggit5+4dq3Bw==}
    engines: {node: '>=0.12.0'}
    dev: true

  /playwright-core@1.55.0:
    resolution: {integrity: sha512-GvZs4vU3U5ro2nZpeiwyb0zuFaqb9sUiAJuyrWpcGouD8y9/HLgGbNRjIph7zU9D3hnPaisMl9zG9CgFi/biIg==}
    engines: {node: '>=18'}
    hasBin: true
    dev: true

  /playwright@1.55.0:
    resolution: {integrity: sha512-sdCWStblvV1YU909Xqx0DhOjPZE4/5lJsIS84IfN9dAZfcl/CIZ5O8l3o0j7hPMjDvqoTF8ZUcc+i/GL5erstA==}
    engines: {node: '>=18'}
    hasBin: true
    dependencies:
      playwright-core: 1.55.0
    optionalDependencies:
      fsevents: 2.3.2
    dev: true

  file:../core/wasm/pkg:
    resolution: {directory: ../core/wasm/pkg, type: directory}
    name: storagehub-wasm
    dev: true
