lockfileVersion: '9.0'

settings:
  autoInstallPeers: true
  excludeLinksFromLockfile: false

importers:

  .:
    devDependencies:
      '@playwright/test':
        specifier: ^1.54.2
        version: 1.54.2
      '@tenkeylabs/dappwright':
        specifier: ^2.11.2
        version: 2.11.2(playwright-core@1.54.2)
      playwright:
        specifier: ^1.54.2
        version: 1.54.2

packages:

  '@playwright/test@1.54.2':
    resolution: {integrity: sha512-A+znathYxPf+72riFd1r1ovOLqsIIB0jKIoPjyK2kqEIe30/6jF6BC7QNluHuwUmsD2tv1XZVugN8GqfTMOxsA==}
    engines: {node: '>=18'}
    hasBin: true

  '@tenkeylabs/dappwright@2.11.2':
    resolution: {integrity: sha512-ITIY1yKqSMoupuu3kKvUMdXOWUg4+T5O5NZLQKIuAf84zk7oxoIjIAgV2Go5QGynQTpSZhKK7o7YmE93PKPWtQ==}
    engines: {node: '>=20'}
    peerDependencies:
      playwright-core: '>1.0'

  fsevents@2.3.2:
    resolution: {integrity: sha512-xiqMQR4xAeHTuB9uWm+fFRcIOgKBMiOBP+eXiyT7jsgVCq1bkVygt00oASowB7EdtpOHaaPgKt812P9ab+DDKA==}
    engines: {node: ^8.16.0 || ^10.6.0 || >=11.0.0}
    os: [darwin]

  node-stream-zip@1.15.0:
    resolution: {integrity: sha512-LN4fydt9TqhZhThkZIVQnF9cwjU3qmUH9h78Mx/K7d3VvfRqqwthLwJEUOEL0QPZ0XQmNN7be5Ggit5+4dq3Bw==}
    engines: {node: '>=0.12.0'}

  playwright-core@1.54.2:
    resolution: {integrity: sha512-n5r4HFbMmWsB4twG7tJLDN9gmBUeSPcsBZiWSE4DnYz9mJMAFqr2ID7+eGC9kpEnxExJ1epttwR59LEWCk8mtA==}
    engines: {node: '>=18'}
    hasBin: true

  playwright@1.54.2:
    resolution: {integrity: sha512-Hu/BMoA1NAdRUuulyvQC0pEqZ4vQbGfn8f7wPXcnqQmM+zct9UliKxsIkLNmz/ku7LElUNqmaiv1TG/aL5ACsw==}
    engines: {node: '>=18'}
    hasBin: true

snapshots:

  '@playwright/test@1.54.2':
    dependencies:
      playwright: 1.54.2

  '@tenkeylabs/dappwright@2.11.2(playwright-core@1.54.2)':
    dependencies:
      node-stream-zip: 1.15.0
      playwright-core: 1.54.2

  fsevents@2.3.2:
    optional: true

  node-stream-zip@1.15.0: {}

  playwright-core@1.54.2: {}

  playwright@1.54.2:
    dependencies:
      playwright-core: 1.54.2
    optionalDependencies:
      fsevents: 2.3.2
